
Microsoft Visual Studio Solution File, Format Version 12.00
# Visual Studio 2017
Project("{FAE04EC0-301F-11D3-BF4B-00C04F79EFBC}") = "Make A thing 2014", "Make A thing 2014.csproj", "{B61348FB-40E4-A1D7-566A-5B59B97C4B56}"
EndProject
Global
	GlobalSection(SolutionConfigurationPlatforms) = preSolution
		Debug|Any CPU = Debug|Any CPU
		Release|Any CPU = Release|Any CPU
	EndGlobalSection
	GlobalSection(ProjectConfigurationPlatforms) = postSolution
		{B61348FB-40E4-A1D7-566A-5B59B97C4B56}.Debug|Any CPU.ActiveCfg = Debug|Any CPU
		{B61348FB-40E4-A1D7-566A-5B59B97C4B56}.Debug|Any CPU.Build.0 = Debug|Any CPU
		{B61348FB-40E4-A1D7-566A-5B59B97C4B56}.Release|Any CPU.ActiveCfg = Release|Any CPU
		{B61348FB-40E4-A1D7-566A-5B59B97C4B56}.Release|Any CPU.Build.0 = Release|Any CPU
	EndGlobalSection
	GlobalSection(SolutionProperties) = preSolution
		HideSolutionNode = FALSE
	EndGlobalSection
EndGlobal
